
Microsoft Visual Studio Solution File, Format Version 12.00
# Visual Studio Version 17
VisualStudioVersion = 17.8.34511.84
MinimumVisualStudioVersion = 10.0.40219.1
Project("{9A19103F-16F7-4668-BE54-9A1E7A4F7556}") = "ExcelSample", "ExcelSample.csproj", "{FCD67B05-8706-4E26-9FB0-D94DE16FA7C2}"
EndProject
Global
	GlobalSection(SolutionConfigurationPlatforms) = preSolution
		Debug|Any CPU = Debug|Any CPU
		Release|Any CPU = Release|Any CPU
	EndGlobalSection
	GlobalSection(ProjectConfigurationPlatforms) = postSolution
		{FCD67B05-8706-4E26-9FB0-D94DE16FA7C2}.Debug|Any CPU.ActiveCfg = Debug|Any CPU
		{FCD67B05-8706-4E26-9FB0-D94DE16FA7C2}.Debug|Any CPU.Build.0 = Debug|Any CPU
		{FCD67B05-8706-4E26-9FB0-D94DE16FA7C2}.Release|Any CPU.ActiveCfg = Release|Any CPU
		{FCD67B05-8706-4E26-9FB0-D94DE16FA7C2}.Release|Any CPU.Build.0 = Release|Any CPU
	EndGlobalSection
	GlobalSection(SolutionProperties) = preSolution
		HideSolutionNode = FALSE
	EndGlobalSection
	GlobalSection(ExtensibilityGlobals) = postSolution
		SolutionGuid = {E0108C14-AB86-4252-AC7D-B6C9F947FE4B}
	EndGlobalSection
EndGlobal
