
Microsoft Visual Studio Solution File, Format Version 12.00
# Visual Studio Version 17
VisualStudioVersion = 17.8.34511.84
MinimumVisualStudioVersion = 10.0.40219.1
Project("{FAE04EC0-301F-11D3-BF4B-00C04F79EFBC}") = "Sample", "Sample.csproj", "{91BF4305-8CB3-41D8-AC17-992F2DB59A22}"
EndProject
Global
	GlobalSection(SolutionConfigurationPlatforms) = preSolution
		Debug|Any CPU = Debug|Any CPU
		Release|Any CPU = Release|Any CPU
	EndGlobalSection
	GlobalSection(ProjectConfigurationPlatforms) = postSolution
		{91BF4305-8CB3-41D8-AC17-992F2DB59A22}.Debug|Any CPU.ActiveCfg = Debug|Any CPU
		{91BF4305-8CB3-41D8-AC17-992F2DB59A22}.Debug|Any CPU.Build.0 = Debug|Any CPU
		{91BF4305-8CB3-41D8-AC17-992F2DB59A22}.Release|Any CPU.ActiveCfg = Release|Any CPU
		{91BF4305-8CB3-41D8-AC17-992F2DB59A22}.Release|Any CPU.Build.0 = Release|Any CPU
	EndGlobalSection
	GlobalSection(SolutionProperties) = preSolution
		HideSolutionNode = FALSE
	EndGlobalSection
	GlobalSection(ExtensibilityGlobals) = postSolution
		SolutionGuid = {259AE62F-E01C-4BE9-AD67-94780BDC5026}
	EndGlobalSection
EndGlobal
